
Microsoft Visual Studio Solution File, Format Version 12.00
# Visual Studio Version 16
VisualStudioVersion = 16.0.31911.196
MinimumVisualStudioVersion = 10.0.40219.1
Project("{2150E333-8FDC-42A3-9474-1A3956D46DE8}") = "src", "src", "{11BB10A3-3E86-4791-A6BF-E6131639DCE4}"
EndProject
Project("{2150E333-8FDC-42A3-9474-1A3956D46DE8}") = "apiGateways", "apiGateways", "{742813F9-E8F7-405C-919C-59059F084D03}"
EndProject
Project("{2150E333-8FDC-42A3-9474-1A3956D46DE8}") = "buildingBlocks", "buildingBlocks", "{972B2776-8ABC-4AE0-84AB-2B69BF83AC96}"
EndProject
Project("{2150E333-8FDC-42A3-9474-1A3956D46DE8}") = "services", "services", "{A04C02F4-D255-48F1-A3C9-EAC0815414A4}"
EndProject
Project("{2150E333-8FDC-42A3-9474-1A3956D46DE8}") = "web", "web", "{30DDB60A-A078-4004-8188-8B9395D4B45D}"
EndProject
Project("{9A19103F-16F7-4668-BE54-9A1E7A4F7556}") = "ApiGatewayUser", "src\apiGateways\ApiGatewayUser\ApiGatewayUser.csproj", "{488CB14E-23D8-46A3-A353-23226064F1AB}"
EndProject
Project("{9A19103F-16F7-4668-BE54-9A1E7A4F7556}") = "BuildBlockCore", "src\buildingBlocks\BuildBlockCore\BuildBlockCore.csproj", "{CE59F3A8-8EF8-4C54-A45E-D38A751D7A57}"
EndProject
Project("{9A19103F-16F7-4668-BE54-9A1E7A4F7556}") = "BuildBlockMessageBus", "src\buildingBlocks\BuildBlockMessageBus\BuildBlockMessageBus.csproj", "{34C33D64-20E7-4EF8-B5FD-AD30BBA91844}"
EndProject
Project("{9A19103F-16F7-4668-BE54-9A1E7A4F7556}") = "BuildBlockServices", "src\buildingBlocks\BuildBlockServices\BuildBlockServices.csproj", "{D02DDB5B-7AC6-41FC-8FAD-D6DF4FA3E217}"
EndProject
Project("{9A19103F-16F7-4668-BE54-9A1E7A4F7556}") = "UsersApi", "src\services\UsersApi\UsersApi.csproj", "{1C59CC41-C044-48EE-8B09-F506B859D0A8}"
EndProject
Project("{9A19103F-16F7-4668-BE54-9A1E7A4F7556}") = "WebZeZe", "src\web\WebZeZe\WebZeZe.csproj", "{B3BDC073-51B2-4203-A9E3-5ED552550BD0}"
EndProject
Project("{9A19103F-16F7-4668-BE54-9A1E7A4F7556}") = "CustomerApi", "src\services\CustomerApi\CustomerApi.csproj", "{7905969E-5756-4891-A561-3E8E96A9C57D}"
EndProject
Project("{9A19103F-16F7-4668-BE54-9A1E7A4F7556}") = "ProductsApi", "src\services\Products\ProductsApi.csproj", "{8E6C951B-69D9-46B2-8CC5-888B87E67F03}"
EndProject
Project("{9A19103F-16F7-4668-BE54-9A1E7A4F7556}") = "OrderApi", "src\services\Order\OrderApi.csproj", "{55422E01-437C-400A-96C1-7132908D4FE1}"
EndProject
Project("{9A19103F-16F7-4668-BE54-9A1E7A4F7556}") = "ProvidersApi", "src\services\Providers\ProvidersApi.csproj", "{D975E617-C229-4EDA-BDB5-461EE23B48B0}"
EndProject
Project("{9A19103F-16F7-4668-BE54-9A1E7A4F7556}") = "ApiGatewayRecords", "src\apiGateways\ApiGatewayRecords\ApiGatewayRecords.csproj", "{C449A2AB-6C8B-4797-A1AA-469A17B0F6E8}"
EndProject
Project("{9A19103F-16F7-4668-BE54-9A1E7A4F7556}") = "ApiGatewayOrder", "src\apiGateways\ApiGatewayOrder\ApiGatewayOrder.csproj", "{32415FAF-FC50-4917-A93C-7ADC4F3F26EF}"
EndProject
Global
	GlobalSection(SolutionConfigurationPlatforms) = preSolution
		Debug|Any CPU = Debug|Any CPU
		Release|Any CPU = Release|Any CPU
	EndGlobalSection
	GlobalSection(ProjectConfigurationPlatforms) = postSolution
		{488CB14E-23D8-46A3-A353-23226064F1AB}.Debug|Any CPU.ActiveCfg = Debug|Any CPU
		{488CB14E-23D8-46A3-A353-23226064F1AB}.Debug|Any CPU.Build.0 = Debug|Any CPU
		{488CB14E-23D8-46A3-A353-23226064F1AB}.Release|Any CPU.ActiveCfg = Release|Any CPU
		{488CB14E-23D8-46A3-A353-23226064F1AB}.Release|Any CPU.Build.0 = Release|Any CPU
		{CE59F3A8-8EF8-4C54-A45E-D38A751D7A57}.Debug|Any CPU.ActiveCfg = Debug|Any CPU
		{CE59F3A8-8EF8-4C54-A45E-D38A751D7A57}.Debug|Any CPU.Build.0 = Debug|Any CPU
		{CE59F3A8-8EF8-4C54-A45E-D38A751D7A57}.Release|Any CPU.ActiveCfg = Release|Any CPU
		{CE59F3A8-8EF8-4C54-A45E-D38A751D7A57}.Release|Any CPU.Build.0 = Release|Any CPU
		{34C33D64-20E7-4EF8-B5FD-AD30BBA91844}.Debug|Any CPU.ActiveCfg = Debug|Any CPU
		{34C33D64-20E7-4EF8-B5FD-AD30BBA91844}.Debug|Any CPU.Build.0 = Debug|Any CPU
		{34C33D64-20E7-4EF8-B5FD-AD30BBA91844}.Release|Any CPU.ActiveCfg = Release|Any CPU
		{34C33D64-20E7-4EF8-B5FD-AD30BBA91844}.Release|Any CPU.Build.0 = Release|Any CPU
		{D02DDB5B-7AC6-41FC-8FAD-D6DF4FA3E217}.Debug|Any CPU.ActiveCfg = Debug|Any CPU
		{D02DDB5B-7AC6-41FC-8FAD-D6DF4FA3E217}.Debug|Any CPU.Build.0 = Debug|Any CPU
		{D02DDB5B-7AC6-41FC-8FAD-D6DF4FA3E217}.Release|Any CPU.ActiveCfg = Release|Any CPU
		{D02DDB5B-7AC6-41FC-8FAD-D6DF4FA3E217}.Release|Any CPU.Build.0 = Release|Any CPU
		{1C59CC41-C044-48EE-8B09-F506B859D0A8}.Debug|Any CPU.ActiveCfg = Debug|Any CPU
		{1C59CC41-C044-48EE-8B09-F506B859D0A8}.Debug|Any CPU.Build.0 = Debug|Any CPU
		{1C59CC41-C044-48EE-8B09-F506B859D0A8}.Release|Any CPU.ActiveCfg = Release|Any CPU
		{1C59CC41-C044-48EE-8B09-F506B859D0A8}.Release|Any CPU.Build.0 = Release|Any CPU
		{B3BDC073-51B2-4203-A9E3-5ED552550BD0}.Debug|Any CPU.ActiveCfg = Debug|Any CPU
		{B3BDC073-51B2-4203-A9E3-5ED552550BD0}.Debug|Any CPU.Build.0 = Debug|Any CPU
		{B3BDC073-51B2-4203-A9E3-5ED552550BD0}.Release|Any CPU.ActiveCfg = Release|Any CPU
		{B3BDC073-51B2-4203-A9E3-5ED552550BD0}.Release|Any CPU.Build.0 = Release|Any CPU
		{7905969E-5756-4891-A561-3E8E96A9C57D}.Debug|Any CPU.ActiveCfg = Debug|Any CPU
		{7905969E-5756-4891-A561-3E8E96A9C57D}.Debug|Any CPU.Build.0 = Debug|Any CPU
		{7905969E-5756-4891-A561-3E8E96A9C57D}.Release|Any CPU.ActiveCfg = Release|Any CPU
		{7905969E-5756-4891-A561-3E8E96A9C57D}.Release|Any CPU.Build.0 = Release|Any CPU
		{8E6C951B-69D9-46B2-8CC5-888B87E67F03}.Debug|Any CPU.ActiveCfg = Debug|Any CPU
		{8E6C951B-69D9-46B2-8CC5-888B87E67F03}.Debug|Any CPU.Build.0 = Debug|Any CPU
		{8E6C951B-69D9-46B2-8CC5-888B87E67F03}.Release|Any CPU.ActiveCfg = Release|Any CPU
		{8E6C951B-69D9-46B2-8CC5-888B87E67F03}.Release|Any CPU.Build.0 = Release|Any CPU
		{55422E01-437C-400A-96C1-7132908D4FE1}.Debug|Any CPU.ActiveCfg = Debug|Any CPU
		{55422E01-437C-400A-96C1-7132908D4FE1}.Debug|Any CPU.Build.0 = Debug|Any CPU
		{55422E01-437C-400A-96C1-7132908D4FE1}.Release|Any CPU.ActiveCfg = Release|Any CPU
		{55422E01-437C-400A-96C1-7132908D4FE1}.Release|Any CPU.Build.0 = Release|Any CPU
		{D975E617-C229-4EDA-BDB5-461EE23B48B0}.Debug|Any CPU.ActiveCfg = Debug|Any CPU
		{D975E617-C229-4EDA-BDB5-461EE23B48B0}.Debug|Any CPU.Build.0 = Debug|Any CPU
		{D975E617-C229-4EDA-BDB5-461EE23B48B0}.Release|Any CPU.ActiveCfg = Release|Any CPU
		{D975E617-C229-4EDA-BDB5-461EE23B48B0}.Release|Any CPU.Build.0 = Release|Any CPU
		{C449A2AB-6C8B-4797-A1AA-469A17B0F6E8}.Debug|Any CPU.ActiveCfg = Debug|Any CPU
		{C449A2AB-6C8B-4797-A1AA-469A17B0F6E8}.Debug|Any CPU.Build.0 = Debug|Any CPU
		{C449A2AB-6C8B-4797-A1AA-469A17B0F6E8}.Release|Any CPU.ActiveCfg = Release|Any CPU
		{C449A2AB-6C8B-4797-A1AA-469A17B0F6E8}.Release|Any CPU.Build.0 = Release|Any CPU
		{32415FAF-FC50-4917-A93C-7ADC4F3F26EF}.Debug|Any CPU.ActiveCfg = Debug|Any CPU
		{32415FAF-FC50-4917-A93C-7ADC4F3F26EF}.Debug|Any CPU.Build.0 = Debug|Any CPU
		{32415FAF-FC50-4917-A93C-7ADC4F3F26EF}.Release|Any CPU.ActiveCfg = Release|Any CPU
		{32415FAF-FC50-4917-A93C-7ADC4F3F26EF}.Release|Any CPU.Build.0 = Release|Any CPU
	EndGlobalSection
	GlobalSection(SolutionProperties) = preSolution
		HideSolutionNode = FALSE
	EndGlobalSection
	GlobalSection(NestedProjects) = preSolution
		{742813F9-E8F7-405C-919C-59059F084D03} = {11BB10A3-3E86-4791-A6BF-E6131639DCE4}
		{972B2776-8ABC-4AE0-84AB-2B69BF83AC96} = {11BB10A3-3E86-4791-A6BF-E6131639DCE4}
		{A04C02F4-D255-48F1-A3C9-EAC0815414A4} = {11BB10A3-3E86-4791-A6BF-E6131639DCE4}
		{30DDB60A-A078-4004-8188-8B9395D4B45D} = {11BB10A3-3E86-4791-A6BF-E6131639DCE4}
		{488CB14E-23D8-46A3-A353-23226064F1AB} = {742813F9-E8F7-405C-919C-59059F084D03}
		{CE59F3A8-8EF8-4C54-A45E-D38A751D7A57} = {972B2776-8ABC-4AE0-84AB-2B69BF83AC96}
		{34C33D64-20E7-4EF8-B5FD-AD30BBA91844} = {972B2776-8ABC-4AE0-84AB-2B69BF83AC96}
		{D02DDB5B-7AC6-41FC-8FAD-D6DF4FA3E217} = {972B2776-8ABC-4AE0-84AB-2B69BF83AC96}
		{1C59CC41-C044-48EE-8B09-F506B859D0A8} = {A04C02F4-D255-48F1-A3C9-EAC0815414A4}
		{B3BDC073-51B2-4203-A9E3-5ED552550BD0} = {30DDB60A-A078-4004-8188-8B9395D4B45D}
		{7905969E-5756-4891-A561-3E8E96A9C57D} = {A04C02F4-D255-48F1-A3C9-EAC0815414A4}
		{8E6C951B-69D9-46B2-8CC5-888B87E67F03} = {A04C02F4-D255-48F1-A3C9-EAC0815414A4}
		{55422E01-437C-400A-96C1-7132908D4FE1} = {A04C02F4-D255-48F1-A3C9-EAC0815414A4}
		{D975E617-C229-4EDA-BDB5-461EE23B48B0} = {A04C02F4-D255-48F1-A3C9-EAC0815414A4}
		{C449A2AB-6C8B-4797-A1AA-469A17B0F6E8} = {742813F9-E8F7-405C-919C-59059F084D03}
		{32415FAF-FC50-4917-A93C-7ADC4F3F26EF} = {742813F9-E8F7-405C-919C-59059F084D03}
	EndGlobalSection
	GlobalSection(ExtensibilityGlobals) = postSolution
		SolutionGuid = {9C83BC46-FA00-4612-BE2B-238FD76C70D6}
	EndGlobalSection
EndGlobal
